
Microsoft Visual Studio Solution File, Format Version 12.00
# Visual Studio Version 17
VisualStudioVersion = 17.5.002.0
MinimumVisualStudioVersion = 10.0.40219.1
Project("{9A19103F-16F7-4668-BE54-9A1E7A4F7556}") = "graphql-hotchocolate-demo", "graphql-hotchocolate-demo.csproj", "{EEBAD432-8FA1-4DEB-986F-5D102B355E5F}"
EndProject
Global
	GlobalSection(SolutionConfigurationPlatforms) = preSolution
		Debug|Any CPU = Debug|Any CPU
		Release|Any CPU = Release|Any CPU
	EndGlobalSection
	GlobalSection(ProjectConfigurationPlatforms) = postSolution
		{EEBAD432-8FA1-4DEB-986F-5D102B355E5F}.Debug|Any CPU.ActiveCfg = Debug|Any CPU
		{EEBAD432-8FA1-4DEB-986F-5D102B355E5F}.Debug|Any CPU.Build.0 = Debug|Any CPU
		{EEBAD432-8FA1-4DEB-986F-5D102B355E5F}.Release|Any CPU.ActiveCfg = Release|Any CPU
		{EEBAD432-8FA1-4DEB-986F-5D102B355E5F}.Release|Any CPU.Build.0 = Release|Any CPU
	EndGlobalSection
	GlobalSection(SolutionProperties) = preSolution
		HideSolutionNode = FALSE
	EndGlobalSection
	GlobalSection(ExtensibilityGlobals) = postSolution
		SolutionGuid = {BE61BF92-D083-4C3E-A9AB-A1EF2C56FBF8}
	EndGlobalSection
EndGlobal
